
Microsoft Visual Studio Solution File, Format Version 12.00
# Visual Studio Version 17
VisualStudioVersion = 17.9.34607.119
MinimumVisualStudioVersion = 10.0.40219.1
Project("{FAE04EC0-301F-11D3-BF4B-00C04F79EFBC}") = "DistanceBetweenAirports.API", "DistanceBetweenAirports\DistanceBetweenAirports.API.csproj", "{8AFA1904-7CEE-43AF-A204-EE6E50593306}"
EndProject
Project("{FAE04EC0-301F-11D3-BF4B-00C04F79EFBC}") = "DistanceBetweenAirports.Core", "DistanceBetweenAirports.Core\DistanceBetweenAirports.Core.csproj", "{7A204D50-EA6B-48E7-B140-0547AFB37759}"
EndProject
Project("{FAE04EC0-301F-11D3-BF4B-00C04F79EFBC}") = "DistanceBetweenAirports.Services", "DistanceBetweenAirports.Services\DistanceBetweenAirports.Services.csproj", "{DDBB5DF8-A3FE-4642-AA8B-6252054396E8}"
EndProject
Global
	GlobalSection(SolutionConfigurationPlatforms) = preSolution
		Debug|Any CPU = Debug|Any CPU
		Release|Any CPU = Release|Any CPU
	EndGlobalSection
	GlobalSection(ProjectConfigurationPlatforms) = postSolution
		{8AFA1904-7CEE-43AF-A204-EE6E50593306}.Debug|Any CPU.ActiveCfg = Debug|Any CPU
		{8AFA1904-7CEE-43AF-A204-EE6E50593306}.Debug|Any CPU.Build.0 = Debug|Any CPU
		{8AFA1904-7CEE-43AF-A204-EE6E50593306}.Release|Any CPU.ActiveCfg = Release|Any CPU
		{8AFA1904-7CEE-43AF-A204-EE6E50593306}.Release|Any CPU.Build.0 = Release|Any CPU
		{7A204D50-EA6B-48E7-B140-0547AFB37759}.Debug|Any CPU.ActiveCfg = Debug|Any CPU
		{7A204D50-EA6B-48E7-B140-0547AFB37759}.Debug|Any CPU.Build.0 = Debug|Any CPU
		{7A204D50-EA6B-48E7-B140-0547AFB37759}.Release|Any CPU.ActiveCfg = Release|Any CPU
		{7A204D50-EA6B-48E7-B140-0547AFB37759}.Release|Any CPU.Build.0 = Release|Any CPU
		{DDBB5DF8-A3FE-4642-AA8B-6252054396E8}.Debug|Any CPU.ActiveCfg = Debug|Any CPU
		{DDBB5DF8-A3FE-4642-AA8B-6252054396E8}.Debug|Any CPU.Build.0 = Debug|Any CPU
		{DDBB5DF8-A3FE-4642-AA8B-6252054396E8}.Release|Any CPU.ActiveCfg = Release|Any CPU
		{DDBB5DF8-A3FE-4642-AA8B-6252054396E8}.Release|Any CPU.Build.0 = Release|Any CPU
	EndGlobalSection
	GlobalSection(SolutionProperties) = preSolution
		HideSolutionNode = FALSE
	EndGlobalSection
	GlobalSection(ExtensibilityGlobals) = postSolution
		SolutionGuid = {8DDEF986-5A77-4E5F-85E5-18A6CC0AE2F8}
	EndGlobalSection
EndGlobal
